{
  "name": "sermadrid",
  "lockfileVersion": 3,
  "requires": true,
  "packages": {
    "": {
      "dependencies": {
        "@vuepic/vue-datepicker": "^7.4.1",
        "flatpickr": "^4.6.13",
        "vue-flatpickr-component": "^11.0.3"
      }
    },
    "node_modules/@babel/parser": {
      "version": "7.23.6",
      "resolved": "https://registry.npmjs.org/@babel/parser/-/parser-7.23.6.tgz",
      "integrity": "sha512-Z2uID7YJ7oNvAI20O9X0bblw7Qqs8Q2hFy0R9tAfnfLkp5MW0UH9eUvnDSnFwKZ0AvgS1ucqR4KzvVHgnke1VQ==",
      "peer": true,
      "bin": {
        "parser": "bin/babel-parser.js"
      },
      "engines": {
        "node": ">=6.0.0"
      }
    },
    "node_modules/@babel/runtime": {
      "version": "7.23.8",
      "resolved": "https://registry.npmjs.org/@babel/runtime/-/runtime-7.23.8.tgz",
      "integrity": "sha512-Y7KbAP984rn1VGMbGqKmBLio9V7y5Je9GvU4rQPCPinCyNfUcToxIXl06d59URp/F3LwinvODxab5N/G6qggkw==",
      "dependencies": {
        "regenerator-runtime": "^0.14.0"
      },
      "engines": {
        "node": ">=6.9.0"
      }
    },
    "node_modules/@jridgewell/sourcemap-codec": {
      "version": "1.4.15",
      "resolved": "https://registry.npmjs.org/@jridgewell/sourcemap-codec/-/sourcemap-codec-1.4.15.tgz",
      "integrity": "sha512-eF2rxCRulEKXHTRiDrDy6erMYWqNw4LPdQ8UQA4huuxaQsVeRPFl2oM8oDGxMFhJUWZf9McpLtJasDDZb/Bpeg==",
      "peer": true
    },
    "node_modules/@vue/compiler-core": {
      "version": "3.4.13",
      "resolved": "https://registry.npmjs.org/@vue/compiler-core/-/compiler-core-3.4.13.tgz",
      "integrity": "sha512-zGUdmB3j3Irn9z51GXLJ5s0EAHxmsm5/eXl0y6MBaajMeOAaiT4+zaDoxui4Ets98dwIRr8BBaqXXHtHSfm+KA==",
      "peer": true,
      "dependencies": {
        "@babel/parser": "^7.23.6",
        "@vue/shared": "3.4.13",
        "entities": "^4.5.0",
        "estree-walker": "^2.0.2",
        "source-map-js": "^1.0.2"
      }
    },
    "node_modules/@vue/compiler-dom": {
      "version": "3.4.13",
      "resolved": "https://registry.npmjs.org/@vue/compiler-dom/-/compiler-dom-3.4.13.tgz",
      "integrity": "sha512-XSNbpr5Rs3kCfVAmBqMu/HDwOS+RL6y28ZZjDlnDUuf146pRWt2sQkwhsOYc9uu2lxjjJy2NcyOkK7MBLVEc7w==",
      "peer": true,
      "dependencies": {
        "@vue/compiler-core": "3.4.13",
        "@vue/shared": "3.4.13"
      }
    },
    "node_modules/@vue/compiler-sfc": {
      "version": "3.4.13",
      "resolved": "https://registry.npmjs.org/@vue/compiler-sfc/-/compiler-sfc-3.4.13.tgz",
      "integrity": "sha512-SkpmQN8xIFBd5onT413DFSDdjxULJf6jmJg/t3w/DZ9I8ZzyNlLIBLO0qFLewVHyHCiAgpPZlWqSRZXYrawk3Q==",
      "peer": true,
      "dependencies": {
        "@babel/parser": "^7.23.6",
        "@vue/compiler-core": "3.4.13",
        "@vue/compiler-dom": "3.4.13",
        "@vue/compiler-ssr": "3.4.13",
        "@vue/shared": "3.4.13",
        "estree-walker": "^2.0.2",
        "magic-string": "^0.30.5",
        "postcss": "^8.4.32",
        "source-map-js": "^1.0.2"
      }
    },
    "node_modules/@vue/compiler-ssr": {
      "version": "3.4.13",
      "resolved": "https://registry.npmjs.org/@vue/compiler-ssr/-/compiler-ssr-3.4.13.tgz",
      "integrity": "sha512-rwnw9SVBgD6eGKh8UucnwztieQo/R3RQrEGpE0b0cxb2xxvJeLs/fe7DoYlhEfaSyzM/qD5odkK87hl3G3oW+A==",
      "peer": true,
      "dependencies": {
        "@vue/compiler-dom": "3.4.13",
        "@vue/shared": "3.4.13"
      }
    },
    "node_modules/@vue/reactivity": {
      "version": "3.4.13",
      "resolved": "https://registry.npmjs.org/@vue/reactivity/-/reactivity-3.4.13.tgz",
      "integrity": "sha512-/ZdUOrGKkGVONzVJkfDqNcn2fLMvaa5VlYx2KwTbnRbX06YZ4GJE0PVTmWzIxtBYdpSTLLXgw3pDggO+96KXzg==",
      "peer": true,
      "dependencies": {
        "@vue/shared": "3.4.13"
      }
    },
    "node_modules/@vue/runtime-core": {
      "version": "3.4.13",
      "resolved": "https://registry.npmjs.org/@vue/runtime-core/-/runtime-core-3.4.13.tgz",
      "integrity": "sha512-Ov4d4At7z3goxqzSqQxdfVYEcN5HY4dM1uDYL6Hu/Es9Za9BEN602zyjWhhi2+BEki5F9NizRSvn02k/tqNWlg==",
      "peer": true,
      "dependencies": {
        "@vue/reactivity": "3.4.13",
        "@vue/shared": "3.4.13"
      }
    },
    "node_modules/@vue/runtime-dom": {
      "version": "3.4.13",
      "resolved": "https://registry.npmjs.org/@vue/runtime-dom/-/runtime-dom-3.4.13.tgz",
      "integrity": "sha512-ynde9p16eEV3u1VCxUre2e0nKzD0l3NzH0r599+bXeLT1Yhac8Atcot3iL9XNqwolxYCI89KBII+2MSVzfrz6w==",
      "peer": true,
      "dependencies": {
        "@vue/runtime-core": "3.4.13",
        "@vue/shared": "3.4.13",
        "csstype": "^3.1.3"
      }
    },
    "node_modules/@vue/server-renderer": {
      "version": "3.4.13",
      "resolved": "https://registry.npmjs.org/@vue/server-renderer/-/server-renderer-3.4.13.tgz",
      "integrity": "sha512-hkw+UQyDZZtSn1q30nObMfc8beVEQv2pG08nghigxGw+iOWodR+tWSuJak0mzWAHlP/xt/qLc//dG6igfgvGEA==",
      "peer": true,
      "dependencies": {
        "@vue/compiler-ssr": "3.4.13",
        "@vue/shared": "3.4.13"
      },
      "peerDependencies": {
        "vue": "3.4.13"
      }
    },
    "node_modules/@vue/shared": {
      "version": "3.4.13",
      "resolved": "https://registry.npmjs.org/@vue/shared/-/shared-3.4.13.tgz",
      "integrity": "sha512-56crFKLPpzk85WXX1L1c0QzPOuoapWlPVys8eMG8kkRmqdMjWUqK8KpFdE2d7BQA4CEbXwyyHPq6MpFr8H9rcg==",
      "peer": true
    },
    "node_modules/@vuepic/vue-datepicker": {
      "version": "7.4.1",
      "resolved": "https://registry.npmjs.org/@vuepic/vue-datepicker/-/vue-datepicker-7.4.1.tgz",
      "integrity": "sha512-sFdBMdFnvf6GMD5Ghaw6IQUbLqlVU1XYzMVJmjD34DggP5k/7866gDyH4CB+4oD6/FpYFL8y3z5sYgY0S8zHig==",
      "dependencies": {
        "date-fns": "^2.30.0",
        "date-fns-tz": "^1.3.7"
      },
      "engines": {
        "node": ">=18.12.0"
      },
      "peerDependencies": {
        "vue": ">=3.2.0"
      }
    },
    "node_modules/csstype": {
      "version": "3.1.3",
      "resolved": "https://registry.npmjs.org/csstype/-/csstype-3.1.3.tgz",
      "integrity": "sha512-M1uQkMl8rQK/szD0LNhtqxIPLpimGm8sOBwU7lLnCpSbTyY3yeU1Vc7l4KT5zT4s/yOxHH5O7tIuuLOCnLADRw==",
      "peer": true
    },
    "node_modules/date-fns": {
      "version": "2.30.0",
      "resolved": "https://registry.npmjs.org/date-fns/-/date-fns-2.30.0.tgz",
      "integrity": "sha512-fnULvOpxnC5/Vg3NCiWelDsLiUc9bRwAPs/+LfTLNvetFCtCTN+yQz15C/fs4AwX1R9K5GLtLfn8QW+dWisaAw==",
      "dependencies": {
        "@babel/runtime": "^7.21.0"
      },
      "engines": {
        "node": ">=0.11"
      },
      "funding": {
        "type": "opencollective",
        "url": "https://opencollective.com/date-fns"
      }
    },
    "node_modules/date-fns-tz": {
      "version": "1.3.8",
      "resolved": "https://registry.npmjs.org/date-fns-tz/-/date-fns-tz-1.3.8.tgz",
      "integrity": "sha512-qwNXUFtMHTTU6CFSFjoJ80W8Fzzp24LntbjFFBgL/faqds4e5mo9mftoRLgr3Vi1trISsg4awSpYVsOQCRnapQ==",
      "peerDependencies": {
        "date-fns": ">=2.0.0"
      }
    },
    "node_modules/entities": {
      "version": "4.5.0",
      "resolved": "https://registry.npmjs.org/entities/-/entities-4.5.0.tgz",
      "integrity": "sha512-V0hjH4dGPh9Ao5p0MoRY6BVqtwCjhz6vI5LT8AJ55H+4g9/4vbHx1I54fS0XuclLhDHArPQCiMjDxjaL8fPxhw==",
      "peer": true,
      "engines": {
        "node": ">=0.12"
      },
      "funding": {
        "url": "https://github.com/fb55/entities?sponsor=1"
      }
    },
    "node_modules/estree-walker": {
      "version": "2.0.2",
      "resolved": "https://registry.npmjs.org/estree-walker/-/estree-walker-2.0.2.tgz",
      "integrity": "sha512-Rfkk/Mp/DL7JVje3u18FxFujQlTNR2q6QfMSMB7AvCBx91NGj/ba3kCfza0f6dVDbw7YlRf/nDrn7pQrCCyQ/w==",
      "peer": true
    },
    "node_modules/flatpickr": {
      "version": "4.6.13",
      "resolved": "https://registry.npmjs.org/flatpickr/-/flatpickr-4.6.13.tgz",
      "integrity": "sha512-97PMG/aywoYpB4IvbvUJi0RQi8vearvU0oov1WW3k0WZPBMrTQVqekSX5CjSG/M4Q3i6A/0FKXC7RyAoAUUSPw=="
    },
    "node_modules/magic-string": {
      "version": "0.30.5",
      "resolved": "https://registry.npmjs.org/magic-string/-/magic-string-0.30.5.tgz",
      "integrity": "sha512-7xlpfBaQaP/T6Vh8MO/EqXSW5En6INHEvEXQiuff7Gku0PWjU3uf6w/j9o7O+SpB5fOAkrI5HeoNgwjEO0pFsA==",
      "peer": true,
      "dependencies": {
        "@jridgewell/sourcemap-codec": "^1.4.15"
      },
      "engines": {
        "node": ">=12"
      }
    },
    "node_modules/nanoid": {
      "version": "3.3.7",
      "resolved": "https://registry.npmjs.org/nanoid/-/nanoid-3.3.7.tgz",
      "integrity": "sha512-eSRppjcPIatRIMC1U6UngP8XFcz8MQWGQdt1MTBQ7NaAmvXDfvNxbvWV3x2y6CdEUciCSsDHDQZbhYaB8QEo2g==",
      "funding": [
        {
          "type": "github",
          "url": "https://github.com/sponsors/ai"
        }
      ],
      "peer": true,
      "bin": {
        "nanoid": "bin/nanoid.cjs"
      },
      "engines": {
        "node": "^10 || ^12 || ^13.7 || ^14 || >=15.0.1"
      }
    },
    "node_modules/picocolors": {
      "version": "1.0.0",
      "resolved": "https://registry.npmjs.org/picocolors/-/picocolors-1.0.0.tgz",
      "integrity": "sha512-1fygroTLlHu66zi26VoTDv8yRgm0Fccecssto+MhsZ0D/DGW2sm8E8AjW7NU5VVTRt5GxbeZ5qBuJr+HyLYkjQ==",
      "peer": true
    },
    "node_modules/postcss": {
      "version": "8.4.33",
      "resolved": "https://registry.npmjs.org/postcss/-/postcss-8.4.33.tgz",
      "integrity": "sha512-Kkpbhhdjw2qQs2O2DGX+8m5OVqEcbB9HRBvuYM9pgrjEFUg30A9LmXNlTAUj4S9kgtGyrMbTzVjH7E+s5Re2yg==",
      "funding": [
        {
          "type": "opencollective",
          "url": "https://opencollective.com/postcss/"
        },
        {
          "type": "tidelift",
          "url": "https://tidelift.com/funding/github/npm/postcss"
        },
        {
          "type": "github",
          "url": "https://github.com/sponsors/ai"
        }
      ],
      "peer": true,
      "dependencies": {
        "nanoid": "^3.3.7",
        "picocolors": "^1.0.0",
        "source-map-js": "^1.0.2"
      },
      "engines": {
        "node": "^10 || ^12 || >=14"
      }
    },
    "node_modules/regenerator-runtime": {
      "version": "0.14.1",
      "resolved": "https://registry.npmjs.org/regenerator-runtime/-/regenerator-runtime-0.14.1.tgz",
      "integrity": "sha512-dYnhHh0nJoMfnkZs6GmmhFknAGRrLznOu5nc9ML+EJxGvrx6H7teuevqVqCuPcPK//3eDrrjQhehXVx9cnkGdw=="
    },
    "node_modules/source-map-js": {
      "version": "1.0.2",
      "resolved": "https://registry.npmjs.org/source-map-js/-/source-map-js-1.0.2.tgz",
      "integrity": "sha512-R0XvVJ9WusLiqTCEiGCmICCMplcCkIwwR11mOSD9CR5u+IXYdiseeEuXCVAjS54zqwkLcPNnmU4OeJ6tUrWhDw==",
      "peer": true,
      "engines": {
        "node": ">=0.10.0"
      }
    },
    "node_modules/vue": {
      "version": "3.4.13",
      "resolved": "https://registry.npmjs.org/vue/-/vue-3.4.13.tgz",
      "integrity": "sha512-FE3UZ0p+oUZTwz+SzlH/hDFg+XsVRFvwmx0LXjdD1pRK/cO4fu5v6ltAZji4za4IBih3dV78elUK3di8v3pWIg==",
      "peer": true,
      "dependencies": {
        "@vue/compiler-dom": "3.4.13",
        "@vue/compiler-sfc": "3.4.13",
        "@vue/runtime-dom": "3.4.13",
        "@vue/server-renderer": "3.4.13",
        "@vue/shared": "3.4.13"
      },
      "peerDependencies": {
        "typescript": "*"
      },
      "peerDependenciesMeta": {
        "typescript": {
          "optional": true
        }
      }
    },
    "node_modules/vue-flatpickr-component": {
      "version": "11.0.3",
      "resolved": "https://registry.npmjs.org/vue-flatpickr-component/-/vue-flatpickr-component-11.0.3.tgz",
      "integrity": "sha512-SYNW/lqK1q9gzr5kQpNDwnlgUIDnXJpG1AmoDxVyOYVtUD7mLaDU1w+MJLFI644NYtwh9NrCt5LpojlsjtbvqA==",
      "dependencies": {
        "flatpickr": "^4.6.13"
      },
      "engines": {
        "node": ">=14.13.0"
      },
      "peerDependencies": {
        "vue": "^3.2.0"
      }
    }
  }
}
